
Microsoft Visual Studio Solution File, Format Version 12.00
# Visual Studio 15
VisualStudioVersion = 15.0.26124.0
MinimumVisualStudioVersion = 15.0.26124.0
Project("{FAE04EC0-301F-11D3-BF4B-00C04F79EFBC}") = "DecorateDesignPattern", "DecorateDesignPattern\DecorateDesignPattern.csproj", "{A527C6A0-3CC2-4024-AFD1-BE89C339DFC3}"
EndProject
Project("{FAE04EC0-301F-11D3-BF4B-00C04F79EFBC}") = "StrategyDesignPattern", "StrategyDesignPattern\StrategyDesignPattern.csproj", "{EEA3B926-4C25-4B29-B0C4-B283ED42AD77}"
EndProject
Project("{FAE04EC0-301F-11D3-BF4B-00C04F79EFBC}") = "StateDesignPattern", "StateDesignPattern\StateDesignPattern.csproj", "{8FBDCC85-C9B8-4491-9C92-3552838EBBA1}"
EndProject
Project("{FAE04EC0-301F-11D3-BF4B-00C04F79EFBC}") = "ResponsibilityDesignPattern", "ResponsibilityDesignPattern\ResponsibilityDesignPattern.csproj", "{015C06F9-C13E-4326-B3C0-71D2FE69AE87}"
EndProject
Project("{FAE04EC0-301F-11D3-BF4B-00C04F79EFBC}") = "ObserverDesignPattern", "ObserverDesignPattern\ObserverDesignPattern.csproj", "{46F93547-8EA5-42BE-948D-2E6209175EAE}"
EndProject
Project("{FAE04EC0-301F-11D3-BF4B-00C04F79EFBC}") = "SingletonDesignPattern", "SingletonDesignPattern\SingletonDesignPattern.csproj", "{0CBAA6A5-9B6E-4290-9713-D23A27546B8B}"
EndProject
Project("{FAE04EC0-301F-11D3-BF4B-00C04F79EFBC}") = "SimpleFactoryDesignPattern", "SimpleFactoryDesignPattern\SimpleFactoryDesignPattern.csproj", "{F343B246-2E4B-4068-A1B1-01A3F69455C1}"
EndProject
Project("{FAE04EC0-301F-11D3-BF4B-00C04F79EFBC}") = "FactoryMethodDesignPattern", "FactoryMethodDesignPattern\FactoryMethodDesignPattern.csproj", "{24189258-7AF2-4626-9F01-83A1BA2F6989}"
EndProject
Project("{FAE04EC0-301F-11D3-BF4B-00C04F79EFBC}") = "AbstractFactoryDesignPattern", "AbstractFactoryDesignPattern\AbstractFactoryDesignPattern.csproj", "{4C942F71-4420-41C6-A856-BC5916D5F524}"
EndProject
Project("{FAE04EC0-301F-11D3-BF4B-00C04F79EFBC}") = "ProxyDesignPattern", "ProxyDesignPattern\ProxyDesignPattern.csproj", "{9EAECFB6-39D4-4EE5-B815-FEF4BED9C4D1}"
EndProject
Project("{FAE04EC0-301F-11D3-BF4B-00C04F79EFBC}") = "AdapterDesignPattern", "AdapterDesignPattern\AdapterDesignPattern.csproj", "{EAA8A602-2275-4994-92B2-14F3CA9EA75D}"
EndProject
Project("{FAE04EC0-301F-11D3-BF4B-00C04F79EFBC}") = "BuilderDesignPattern", "BuilderDesignPattern\BuilderDesignPattern.csproj", "{CD10C79E-311D-4DB1-8F23-63DA262BA0E8}"
EndProject
Project("{FAE04EC0-301F-11D3-BF4B-00C04F79EFBC}") = "MediatorDesignPattern", "MediatorDesignPattern\MediatorDesignPattern.csproj", "{F705A44A-B44C-444F-967A-5AD87FE917BD}"
EndProject
Project("{FAE04EC0-301F-11D3-BF4B-00C04F79EFBC}") = "PrototypeDesignPattern", "PrototypeDesignPattern\PrototypeDesignPattern.csproj", "{9BD6678B-C451-4A65-ADBE-6C437B548B7D}"
EndProject
Project("{FAE04EC0-301F-11D3-BF4B-00C04F79EFBC}") = "TemplateMethodDesignPattern", "TemplateMethodDesignPattern\TemplateMethodDesignPattern.csproj", "{28860106-5B26-4C1B-91D2-0EB87266ACC6}"
EndProject
Project("{FAE04EC0-301F-11D3-BF4B-00C04F79EFBC}") = "FacadeDesignPattern", "FacadeDesignPattern\FacadeDesignPattern.csproj", "{885E5381-A8C2-44E8-B26D-5FD7400028F2}"
EndProject
Project("{FAE04EC0-301F-11D3-BF4B-00C04F79EFBC}") = "CompositeDesignPattern", "CompositeDesignPattern\CompositeDesignPattern.csproj", "{00EBF61E-E568-4292-B07E-4005132AC6A7}"
EndProject
Project("{FAE04EC0-301F-11D3-BF4B-00C04F79EFBC}") = "BridgeDesignPattern", "BridgeDesignPattern\BridgeDesignPattern.csproj", "{41B568C0-F7BD-459A-9042-5F773A8CB936}"
EndProject
Project("{FAE04EC0-301F-11D3-BF4B-00C04F79EFBC}") = "CommandDesignPattern", "CommandDesignPattern\CommandDesignPattern.csproj", "{A00F1A03-F5C1-42A6-92D1-6DE0B06814BA}"
EndProject
Project("{FAE04EC0-301F-11D3-BF4B-00C04F79EFBC}") = "InterpreterDesignPattern", "InterpreterDesignPattern\InterpreterDesignPattern.csproj", "{99D769CA-B0E2-4156-817C-9DB9B9825228}"
EndProject
Project("{FAE04EC0-301F-11D3-BF4B-00C04F79EFBC}") = "VisitorDesignPattern", "VisitorDesignPattern\VisitorDesignPattern.csproj", "{D0B10027-CB71-4D13-862B-81779CBA570E}"
EndProject
Project("{FAE04EC0-301F-11D3-BF4B-00C04F79EFBC}") = "IteratorDesignPattern", "IteratorDesignPattern\IteratorDesignPattern.csproj", "{6CF84BFC-5489-4EEF-95A8-AFCF54AC3BAD}"
EndProject
Global
	GlobalSection(SolutionConfigurationPlatforms) = preSolution
		Debug|Any CPU = Debug|Any CPU
		Debug|x64 = Debug|x64
		Debug|x86 = Debug|x86
		Release|Any CPU = Release|Any CPU
		Release|x64 = Release|x64
		Release|x86 = Release|x86
	EndGlobalSection
	GlobalSection(SolutionProperties) = preSolution
		HideSolutionNode = FALSE
	EndGlobalSection
	GlobalSection(ProjectConfigurationPlatforms) = postSolution
		{A527C6A0-3CC2-4024-AFD1-BE89C339DFC3}.Debug|Any CPU.ActiveCfg = Debug|Any CPU
		{A527C6A0-3CC2-4024-AFD1-BE89C339DFC3}.Debug|Any CPU.Build.0 = Debug|Any CPU
		{A527C6A0-3CC2-4024-AFD1-BE89C339DFC3}.Debug|x64.ActiveCfg = Debug|x64
		{A527C6A0-3CC2-4024-AFD1-BE89C339DFC3}.Debug|x64.Build.0 = Debug|x64
		{A527C6A0-3CC2-4024-AFD1-BE89C339DFC3}.Debug|x86.ActiveCfg = Debug|x86
		{A527C6A0-3CC2-4024-AFD1-BE89C339DFC3}.Debug|x86.Build.0 = Debug|x86
		{A527C6A0-3CC2-4024-AFD1-BE89C339DFC3}.Release|Any CPU.ActiveCfg = Release|Any CPU
		{A527C6A0-3CC2-4024-AFD1-BE89C339DFC3}.Release|Any CPU.Build.0 = Release|Any CPU
		{A527C6A0-3CC2-4024-AFD1-BE89C339DFC3}.Release|x64.ActiveCfg = Release|x64
		{A527C6A0-3CC2-4024-AFD1-BE89C339DFC3}.Release|x64.Build.0 = Release|x64
		{A527C6A0-3CC2-4024-AFD1-BE89C339DFC3}.Release|x86.ActiveCfg = Release|x86
		{A527C6A0-3CC2-4024-AFD1-BE89C339DFC3}.Release|x86.Build.0 = Release|x86
		{EEA3B926-4C25-4B29-B0C4-B283ED42AD77}.Debug|Any CPU.ActiveCfg = Debug|Any CPU
		{EEA3B926-4C25-4B29-B0C4-B283ED42AD77}.Debug|Any CPU.Build.0 = Debug|Any CPU
		{EEA3B926-4C25-4B29-B0C4-B283ED42AD77}.Debug|x64.ActiveCfg = Debug|x64
		{EEA3B926-4C25-4B29-B0C4-B283ED42AD77}.Debug|x64.Build.0 = Debug|x64
		{EEA3B926-4C25-4B29-B0C4-B283ED42AD77}.Debug|x86.ActiveCfg = Debug|x86
		{EEA3B926-4C25-4B29-B0C4-B283ED42AD77}.Debug|x86.Build.0 = Debug|x86
		{EEA3B926-4C25-4B29-B0C4-B283ED42AD77}.Release|Any CPU.ActiveCfg = Release|Any CPU
		{EEA3B926-4C25-4B29-B0C4-B283ED42AD77}.Release|Any CPU.Build.0 = Release|Any CPU
		{EEA3B926-4C25-4B29-B0C4-B283ED42AD77}.Release|x64.ActiveCfg = Release|x64
		{EEA3B926-4C25-4B29-B0C4-B283ED42AD77}.Release|x64.Build.0 = Release|x64
		{EEA3B926-4C25-4B29-B0C4-B283ED42AD77}.Release|x86.ActiveCfg = Release|x86
		{EEA3B926-4C25-4B29-B0C4-B283ED42AD77}.Release|x86.Build.0 = Release|x86
		{8FBDCC85-C9B8-4491-9C92-3552838EBBA1}.Debug|Any CPU.ActiveCfg = Debug|Any CPU
		{8FBDCC85-C9B8-4491-9C92-3552838EBBA1}.Debug|Any CPU.Build.0 = Debug|Any CPU
		{8FBDCC85-C9B8-4491-9C92-3552838EBBA1}.Debug|x64.ActiveCfg = Debug|x64
		{8FBDCC85-C9B8-4491-9C92-3552838EBBA1}.Debug|x64.Build.0 = Debug|x64
		{8FBDCC85-C9B8-4491-9C92-3552838EBBA1}.Debug|x86.ActiveCfg = Debug|x86
		{8FBDCC85-C9B8-4491-9C92-3552838EBBA1}.Debug|x86.Build.0 = Debug|x86
		{8FBDCC85-C9B8-4491-9C92-3552838EBBA1}.Release|Any CPU.ActiveCfg = Release|Any CPU
		{8FBDCC85-C9B8-4491-9C92-3552838EBBA1}.Release|Any CPU.Build.0 = Release|Any CPU
		{8FBDCC85-C9B8-4491-9C92-3552838EBBA1}.Release|x64.ActiveCfg = Release|x64
		{8FBDCC85-C9B8-4491-9C92-3552838EBBA1}.Release|x64.Build.0 = Release|x64
		{8FBDCC85-C9B8-4491-9C92-3552838EBBA1}.Release|x86.ActiveCfg = Release|x86
		{8FBDCC85-C9B8-4491-9C92-3552838EBBA1}.Release|x86.Build.0 = Release|x86
		{015C06F9-C13E-4326-B3C0-71D2FE69AE87}.Debug|Any CPU.ActiveCfg = Debug|Any CPU
		{015C06F9-C13E-4326-B3C0-71D2FE69AE87}.Debug|Any CPU.Build.0 = Debug|Any CPU
		{015C06F9-C13E-4326-B3C0-71D2FE69AE87}.Debug|x64.ActiveCfg = Debug|x64
		{015C06F9-C13E-4326-B3C0-71D2FE69AE87}.Debug|x64.Build.0 = Debug|x64
		{015C06F9-C13E-4326-B3C0-71D2FE69AE87}.Debug|x86.ActiveCfg = Debug|x86
		{015C06F9-C13E-4326-B3C0-71D2FE69AE87}.Debug|x86.Build.0 = Debug|x86
		{015C06F9-C13E-4326-B3C0-71D2FE69AE87}.Release|Any CPU.ActiveCfg = Release|Any CPU
		{015C06F9-C13E-4326-B3C0-71D2FE69AE87}.Release|Any CPU.Build.0 = Release|Any CPU
		{015C06F9-C13E-4326-B3C0-71D2FE69AE87}.Release|x64.ActiveCfg = Release|x64
		{015C06F9-C13E-4326-B3C0-71D2FE69AE87}.Release|x64.Build.0 = Release|x64
		{015C06F9-C13E-4326-B3C0-71D2FE69AE87}.Release|x86.ActiveCfg = Release|x86
		{015C06F9-C13E-4326-B3C0-71D2FE69AE87}.Release|x86.Build.0 = Release|x86
		{46F93547-8EA5-42BE-948D-2E6209175EAE}.Debug|Any CPU.ActiveCfg = Debug|Any CPU
		{46F93547-8EA5-42BE-948D-2E6209175EAE}.Debug|Any CPU.Build.0 = Debug|Any CPU
		{46F93547-8EA5-42BE-948D-2E6209175EAE}.Debug|x64.ActiveCfg = Debug|x64
		{46F93547-8EA5-42BE-948D-2E6209175EAE}.Debug|x64.Build.0 = Debug|x64
		{46F93547-8EA5-42BE-948D-2E6209175EAE}.Debug|x86.ActiveCfg = Debug|x86
		{46F93547-8EA5-42BE-948D-2E6209175EAE}.Debug|x86.Build.0 = Debug|x86
		{46F93547-8EA5-42BE-948D-2E6209175EAE}.Release|Any CPU.ActiveCfg = Release|Any CPU
		{46F93547-8EA5-42BE-948D-2E6209175EAE}.Release|Any CPU.Build.0 = Release|Any CPU
		{46F93547-8EA5-42BE-948D-2E6209175EAE}.Release|x64.ActiveCfg = Release|x64
		{46F93547-8EA5-42BE-948D-2E6209175EAE}.Release|x64.Build.0 = Release|x64
		{46F93547-8EA5-42BE-948D-2E6209175EAE}.Release|x86.ActiveCfg = Release|x86
		{46F93547-8EA5-42BE-948D-2E6209175EAE}.Release|x86.Build.0 = Release|x86
		{0CBAA6A5-9B6E-4290-9713-D23A27546B8B}.Debug|Any CPU.ActiveCfg = Debug|Any CPU
		{0CBAA6A5-9B6E-4290-9713-D23A27546B8B}.Debug|Any CPU.Build.0 = Debug|Any CPU
		{0CBAA6A5-9B6E-4290-9713-D23A27546B8B}.Debug|x64.ActiveCfg = Debug|x64
		{0CBAA6A5-9B6E-4290-9713-D23A27546B8B}.Debug|x64.Build.0 = Debug|x64
		{0CBAA6A5-9B6E-4290-9713-D23A27546B8B}.Debug|x86.ActiveCfg = Debug|x86
		{0CBAA6A5-9B6E-4290-9713-D23A27546B8B}.Debug|x86.Build.0 = Debug|x86
		{0CBAA6A5-9B6E-4290-9713-D23A27546B8B}.Release|Any CPU.ActiveCfg = Release|Any CPU
		{0CBAA6A5-9B6E-4290-9713-D23A27546B8B}.Release|Any CPU.Build.0 = Release|Any CPU
		{0CBAA6A5-9B6E-4290-9713-D23A27546B8B}.Release|x64.ActiveCfg = Release|x64
		{0CBAA6A5-9B6E-4290-9713-D23A27546B8B}.Release|x64.Build.0 = Release|x64
		{0CBAA6A5-9B6E-4290-9713-D23A27546B8B}.Release|x86.ActiveCfg = Release|x86
		{0CBAA6A5-9B6E-4290-9713-D23A27546B8B}.Release|x86.Build.0 = Release|x86
		{F343B246-2E4B-4068-A1B1-01A3F69455C1}.Debug|Any CPU.ActiveCfg = Debug|Any CPU
		{F343B246-2E4B-4068-A1B1-01A3F69455C1}.Debug|Any CPU.Build.0 = Debug|Any CPU
		{F343B246-2E4B-4068-A1B1-01A3F69455C1}.Debug|x64.ActiveCfg = Debug|x64
		{F343B246-2E4B-4068-A1B1-01A3F69455C1}.Debug|x64.Build.0 = Debug|x64
		{F343B246-2E4B-4068-A1B1-01A3F69455C1}.Debug|x86.ActiveCfg = Debug|x86
		{F343B246-2E4B-4068-A1B1-01A3F69455C1}.Debug|x86.Build.0 = Debug|x86
		{F343B246-2E4B-4068-A1B1-01A3F69455C1}.Release|Any CPU.ActiveCfg = Release|Any CPU
		{F343B246-2E4B-4068-A1B1-01A3F69455C1}.Release|Any CPU.Build.0 = Release|Any CPU
		{F343B246-2E4B-4068-A1B1-01A3F69455C1}.Release|x64.ActiveCfg = Release|x64
		{F343B246-2E4B-4068-A1B1-01A3F69455C1}.Release|x64.Build.0 = Release|x64
		{F343B246-2E4B-4068-A1B1-01A3F69455C1}.Release|x86.ActiveCfg = Release|x86
		{F343B246-2E4B-4068-A1B1-01A3F69455C1}.Release|x86.Build.0 = Release|x86
		{24189258-7AF2-4626-9F01-83A1BA2F6989}.Debug|Any CPU.ActiveCfg = Debug|Any CPU
		{24189258-7AF2-4626-9F01-83A1BA2F6989}.Debug|Any CPU.Build.0 = Debug|Any CPU
		{24189258-7AF2-4626-9F01-83A1BA2F6989}.Debug|x64.ActiveCfg = Debug|x64
		{24189258-7AF2-4626-9F01-83A1BA2F6989}.Debug|x64.Build.0 = Debug|x64
		{24189258-7AF2-4626-9F01-83A1BA2F6989}.Debug|x86.ActiveCfg = Debug|x86
		{24189258-7AF2-4626-9F01-83A1BA2F6989}.Debug|x86.Build.0 = Debug|x86
		{24189258-7AF2-4626-9F01-83A1BA2F6989}.Release|Any CPU.ActiveCfg = Release|Any CPU
		{24189258-7AF2-4626-9F01-83A1BA2F6989}.Release|Any CPU.Build.0 = Release|Any CPU
		{24189258-7AF2-4626-9F01-83A1BA2F6989}.Release|x64.ActiveCfg = Release|x64
		{24189258-7AF2-4626-9F01-83A1BA2F6989}.Release|x64.Build.0 = Release|x64
		{24189258-7AF2-4626-9F01-83A1BA2F6989}.Release|x86.ActiveCfg = Release|x86
		{24189258-7AF2-4626-9F01-83A1BA2F6989}.Release|x86.Build.0 = Release|x86
		{4C942F71-4420-41C6-A856-BC5916D5F524}.Debug|Any CPU.ActiveCfg = Debug|Any CPU
		{4C942F71-4420-41C6-A856-BC5916D5F524}.Debug|Any CPU.Build.0 = Debug|Any CPU
		{4C942F71-4420-41C6-A856-BC5916D5F524}.Debug|x64.ActiveCfg = Debug|x64
		{4C942F71-4420-41C6-A856-BC5916D5F524}.Debug|x64.Build.0 = Debug|x64
		{4C942F71-4420-41C6-A856-BC5916D5F524}.Debug|x86.ActiveCfg = Debug|x86
		{4C942F71-4420-41C6-A856-BC5916D5F524}.Debug|x86.Build.0 = Debug|x86
		{4C942F71-4420-41C6-A856-BC5916D5F524}.Release|Any CPU.ActiveCfg = Release|Any CPU
		{4C942F71-4420-41C6-A856-BC5916D5F524}.Release|Any CPU.Build.0 = Release|Any CPU
		{4C942F71-4420-41C6-A856-BC5916D5F524}.Release|x64.ActiveCfg = Release|x64
		{4C942F71-4420-41C6-A856-BC5916D5F524}.Release|x64.Build.0 = Release|x64
		{4C942F71-4420-41C6-A856-BC5916D5F524}.Release|x86.ActiveCfg = Release|x86
		{4C942F71-4420-41C6-A856-BC5916D5F524}.Release|x86.Build.0 = Release|x86
		{9EAECFB6-39D4-4EE5-B815-FEF4BED9C4D1}.Debug|Any CPU.ActiveCfg = Debug|Any CPU
		{9EAECFB6-39D4-4EE5-B815-FEF4BED9C4D1}.Debug|Any CPU.Build.0 = Debug|Any CPU
		{9EAECFB6-39D4-4EE5-B815-FEF4BED9C4D1}.Debug|x64.ActiveCfg = Debug|x64
		{9EAECFB6-39D4-4EE5-B815-FEF4BED9C4D1}.Debug|x64.Build.0 = Debug|x64
		{9EAECFB6-39D4-4EE5-B815-FEF4BED9C4D1}.Debug|x86.ActiveCfg = Debug|x86
		{9EAECFB6-39D4-4EE5-B815-FEF4BED9C4D1}.Debug|x86.Build.0 = Debug|x86
		{9EAECFB6-39D4-4EE5-B815-FEF4BED9C4D1}.Release|Any CPU.ActiveCfg = Release|Any CPU
		{9EAECFB6-39D4-4EE5-B815-FEF4BED9C4D1}.Release|Any CPU.Build.0 = Release|Any CPU
		{9EAECFB6-39D4-4EE5-B815-FEF4BED9C4D1}.Release|x64.ActiveCfg = Release|x64
		{9EAECFB6-39D4-4EE5-B815-FEF4BED9C4D1}.Release|x64.Build.0 = Release|x64
		{9EAECFB6-39D4-4EE5-B815-FEF4BED9C4D1}.Release|x86.ActiveCfg = Release|x86
		{9EAECFB6-39D4-4EE5-B815-FEF4BED9C4D1}.Release|x86.Build.0 = Release|x86
		{EAA8A602-2275-4994-92B2-14F3CA9EA75D}.Debug|Any CPU.ActiveCfg = Debug|Any CPU
		{EAA8A602-2275-4994-92B2-14F3CA9EA75D}.Debug|Any CPU.Build.0 = Debug|Any CPU
		{EAA8A602-2275-4994-92B2-14F3CA9EA75D}.Debug|x64.ActiveCfg = Debug|x64
		{EAA8A602-2275-4994-92B2-14F3CA9EA75D}.Debug|x64.Build.0 = Debug|x64
		{EAA8A602-2275-4994-92B2-14F3CA9EA75D}.Debug|x86.ActiveCfg = Debug|x86
		{EAA8A602-2275-4994-92B2-14F3CA9EA75D}.Debug|x86.Build.0 = Debug|x86
		{EAA8A602-2275-4994-92B2-14F3CA9EA75D}.Release|Any CPU.ActiveCfg = Release|Any CPU
		{EAA8A602-2275-4994-92B2-14F3CA9EA75D}.Release|Any CPU.Build.0 = Release|Any CPU
		{EAA8A602-2275-4994-92B2-14F3CA9EA75D}.Release|x64.ActiveCfg = Release|x64
		{EAA8A602-2275-4994-92B2-14F3CA9EA75D}.Release|x64.Build.0 = Release|x64
		{EAA8A602-2275-4994-92B2-14F3CA9EA75D}.Release|x86.ActiveCfg = Release|x86
		{EAA8A602-2275-4994-92B2-14F3CA9EA75D}.Release|x86.Build.0 = Release|x86
		{CD10C79E-311D-4DB1-8F23-63DA262BA0E8}.Debug|Any CPU.ActiveCfg = Debug|Any CPU
		{CD10C79E-311D-4DB1-8F23-63DA262BA0E8}.Debug|Any CPU.Build.0 = Debug|Any CPU
		{CD10C79E-311D-4DB1-8F23-63DA262BA0E8}.Debug|x64.ActiveCfg = Debug|x64
		{CD10C79E-311D-4DB1-8F23-63DA262BA0E8}.Debug|x64.Build.0 = Debug|x64
		{CD10C79E-311D-4DB1-8F23-63DA262BA0E8}.Debug|x86.ActiveCfg = Debug|x86
		{CD10C79E-311D-4DB1-8F23-63DA262BA0E8}.Debug|x86.Build.0 = Debug|x86
		{CD10C79E-311D-4DB1-8F23-63DA262BA0E8}.Release|Any CPU.ActiveCfg = Release|Any CPU
		{CD10C79E-311D-4DB1-8F23-63DA262BA0E8}.Release|Any CPU.Build.0 = Release|Any CPU
		{CD10C79E-311D-4DB1-8F23-63DA262BA0E8}.Release|x64.ActiveCfg = Release|x64
		{CD10C79E-311D-4DB1-8F23-63DA262BA0E8}.Release|x64.Build.0 = Release|x64
		{CD10C79E-311D-4DB1-8F23-63DA262BA0E8}.Release|x86.ActiveCfg = Release|x86
		{CD10C79E-311D-4DB1-8F23-63DA262BA0E8}.Release|x86.Build.0 = Release|x86
		{F705A44A-B44C-444F-967A-5AD87FE917BD}.Debug|Any CPU.ActiveCfg = Debug|Any CPU
		{F705A44A-B44C-444F-967A-5AD87FE917BD}.Debug|Any CPU.Build.0 = Debug|Any CPU
		{F705A44A-B44C-444F-967A-5AD87FE917BD}.Debug|x64.ActiveCfg = Debug|x64
		{F705A44A-B44C-444F-967A-5AD87FE917BD}.Debug|x64.Build.0 = Debug|x64
		{F705A44A-B44C-444F-967A-5AD87FE917BD}.Debug|x86.ActiveCfg = Debug|x86
		{F705A44A-B44C-444F-967A-5AD87FE917BD}.Debug|x86.Build.0 = Debug|x86
		{F705A44A-B44C-444F-967A-5AD87FE917BD}.Release|Any CPU.ActiveCfg = Release|Any CPU
		{F705A44A-B44C-444F-967A-5AD87FE917BD}.Release|Any CPU.Build.0 = Release|Any CPU
		{F705A44A-B44C-444F-967A-5AD87FE917BD}.Release|x64.ActiveCfg = Release|x64
		{F705A44A-B44C-444F-967A-5AD87FE917BD}.Release|x64.Build.0 = Release|x64
		{F705A44A-B44C-444F-967A-5AD87FE917BD}.Release|x86.ActiveCfg = Release|x86
		{F705A44A-B44C-444F-967A-5AD87FE917BD}.Release|x86.Build.0 = Release|x86
		{9BD6678B-C451-4A65-ADBE-6C437B548B7D}.Debug|Any CPU.ActiveCfg = Debug|Any CPU
		{9BD6678B-C451-4A65-ADBE-6C437B548B7D}.Debug|Any CPU.Build.0 = Debug|Any CPU
		{9BD6678B-C451-4A65-ADBE-6C437B548B7D}.Debug|x64.ActiveCfg = Debug|x64
		{9BD6678B-C451-4A65-ADBE-6C437B548B7D}.Debug|x64.Build.0 = Debug|x64
		{9BD6678B-C451-4A65-ADBE-6C437B548B7D}.Debug|x86.ActiveCfg = Debug|x86
		{9BD6678B-C451-4A65-ADBE-6C437B548B7D}.Debug|x86.Build.0 = Debug|x86
		{9BD6678B-C451-4A65-ADBE-6C437B548B7D}.Release|Any CPU.ActiveCfg = Release|Any CPU
		{9BD6678B-C451-4A65-ADBE-6C437B548B7D}.Release|Any CPU.Build.0 = Release|Any CPU
		{9BD6678B-C451-4A65-ADBE-6C437B548B7D}.Release|x64.ActiveCfg = Release|x64
		{9BD6678B-C451-4A65-ADBE-6C437B548B7D}.Release|x64.Build.0 = Release|x64
		{9BD6678B-C451-4A65-ADBE-6C437B548B7D}.Release|x86.ActiveCfg = Release|x86
		{9BD6678B-C451-4A65-ADBE-6C437B548B7D}.Release|x86.Build.0 = Release|x86
		{28860106-5B26-4C1B-91D2-0EB87266ACC6}.Debug|Any CPU.ActiveCfg = Debug|Any CPU
		{28860106-5B26-4C1B-91D2-0EB87266ACC6}.Debug|Any CPU.Build.0 = Debug|Any CPU
		{28860106-5B26-4C1B-91D2-0EB87266ACC6}.Debug|x64.ActiveCfg = Debug|x64
		{28860106-5B26-4C1B-91D2-0EB87266ACC6}.Debug|x64.Build.0 = Debug|x64
		{28860106-5B26-4C1B-91D2-0EB87266ACC6}.Debug|x86.ActiveCfg = Debug|x86
		{28860106-5B26-4C1B-91D2-0EB87266ACC6}.Debug|x86.Build.0 = Debug|x86
		{28860106-5B26-4C1B-91D2-0EB87266ACC6}.Release|Any CPU.ActiveCfg = Release|Any CPU
		{28860106-5B26-4C1B-91D2-0EB87266ACC6}.Release|Any CPU.Build.0 = Release|Any CPU
		{28860106-5B26-4C1B-91D2-0EB87266ACC6}.Release|x64.ActiveCfg = Release|x64
		{28860106-5B26-4C1B-91D2-0EB87266ACC6}.Release|x64.Build.0 = Release|x64
		{28860106-5B26-4C1B-91D2-0EB87266ACC6}.Release|x86.ActiveCfg = Release|x86
		{28860106-5B26-4C1B-91D2-0EB87266ACC6}.Release|x86.Build.0 = Release|x86
		{885E5381-A8C2-44E8-B26D-5FD7400028F2}.Debug|Any CPU.ActiveCfg = Debug|Any CPU
		{885E5381-A8C2-44E8-B26D-5FD7400028F2}.Debug|Any CPU.Build.0 = Debug|Any CPU
		{885E5381-A8C2-44E8-B26D-5FD7400028F2}.Debug|x64.ActiveCfg = Debug|x64
		{885E5381-A8C2-44E8-B26D-5FD7400028F2}.Debug|x64.Build.0 = Debug|x64
		{885E5381-A8C2-44E8-B26D-5FD7400028F2}.Debug|x86.ActiveCfg = Debug|x86
		{885E5381-A8C2-44E8-B26D-5FD7400028F2}.Debug|x86.Build.0 = Debug|x86
		{885E5381-A8C2-44E8-B26D-5FD7400028F2}.Release|Any CPU.ActiveCfg = Release|Any CPU
		{885E5381-A8C2-44E8-B26D-5FD7400028F2}.Release|Any CPU.Build.0 = Release|Any CPU
		{885E5381-A8C2-44E8-B26D-5FD7400028F2}.Release|x64.ActiveCfg = Release|x64
		{885E5381-A8C2-44E8-B26D-5FD7400028F2}.Release|x64.Build.0 = Release|x64
		{885E5381-A8C2-44E8-B26D-5FD7400028F2}.Release|x86.ActiveCfg = Release|x86
		{885E5381-A8C2-44E8-B26D-5FD7400028F2}.Release|x86.Build.0 = Release|x86
		{00EBF61E-E568-4292-B07E-4005132AC6A7}.Debug|Any CPU.ActiveCfg = Debug|Any CPU
		{00EBF61E-E568-4292-B07E-4005132AC6A7}.Debug|Any CPU.Build.0 = Debug|Any CPU
		{00EBF61E-E568-4292-B07E-4005132AC6A7}.Debug|x64.ActiveCfg = Debug|x64
		{00EBF61E-E568-4292-B07E-4005132AC6A7}.Debug|x64.Build.0 = Debug|x64
		{00EBF61E-E568-4292-B07E-4005132AC6A7}.Debug|x86.ActiveCfg = Debug|x86
		{00EBF61E-E568-4292-B07E-4005132AC6A7}.Debug|x86.Build.0 = Debug|x86
		{00EBF61E-E568-4292-B07E-4005132AC6A7}.Release|Any CPU.ActiveCfg = Release|Any CPU
		{00EBF61E-E568-4292-B07E-4005132AC6A7}.Release|Any CPU.Build.0 = Release|Any CPU
		{00EBF61E-E568-4292-B07E-4005132AC6A7}.Release|x64.ActiveCfg = Release|x64
		{00EBF61E-E568-4292-B07E-4005132AC6A7}.Release|x64.Build.0 = Release|x64
		{00EBF61E-E568-4292-B07E-4005132AC6A7}.Release|x86.ActiveCfg = Release|x86
		{00EBF61E-E568-4292-B07E-4005132AC6A7}.Release|x86.Build.0 = Release|x86
		{41B568C0-F7BD-459A-9042-5F773A8CB936}.Debug|Any CPU.ActiveCfg = Debug|Any CPU
		{41B568C0-F7BD-459A-9042-5F773A8CB936}.Debug|Any CPU.Build.0 = Debug|Any CPU
		{41B568C0-F7BD-459A-9042-5F773A8CB936}.Debug|x64.ActiveCfg = Debug|x64
		{41B568C0-F7BD-459A-9042-5F773A8CB936}.Debug|x64.Build.0 = Debug|x64
		{41B568C0-F7BD-459A-9042-5F773A8CB936}.Debug|x86.ActiveCfg = Debug|x86
		{41B568C0-F7BD-459A-9042-5F773A8CB936}.Debug|x86.Build.0 = Debug|x86
		{41B568C0-F7BD-459A-9042-5F773A8CB936}.Release|Any CPU.ActiveCfg = Release|Any CPU
		{41B568C0-F7BD-459A-9042-5F773A8CB936}.Release|Any CPU.Build.0 = Release|Any CPU
		{41B568C0-F7BD-459A-9042-5F773A8CB936}.Release|x64.ActiveCfg = Release|x64
		{41B568C0-F7BD-459A-9042-5F773A8CB936}.Release|x64.Build.0 = Release|x64
		{41B568C0-F7BD-459A-9042-5F773A8CB936}.Release|x86.ActiveCfg = Release|x86
		{41B568C0-F7BD-459A-9042-5F773A8CB936}.Release|x86.Build.0 = Release|x86
		{A00F1A03-F5C1-42A6-92D1-6DE0B06814BA}.Debug|Any CPU.ActiveCfg = Debug|Any CPU
		{A00F1A03-F5C1-42A6-92D1-6DE0B06814BA}.Debug|Any CPU.Build.0 = Debug|Any CPU
		{A00F1A03-F5C1-42A6-92D1-6DE0B06814BA}.Debug|x64.ActiveCfg = Debug|x64
		{A00F1A03-F5C1-42A6-92D1-6DE0B06814BA}.Debug|x64.Build.0 = Debug|x64
		{A00F1A03-F5C1-42A6-92D1-6DE0B06814BA}.Debug|x86.ActiveCfg = Debug|x86
		{A00F1A03-F5C1-42A6-92D1-6DE0B06814BA}.Debug|x86.Build.0 = Debug|x86
		{A00F1A03-F5C1-42A6-92D1-6DE0B06814BA}.Release|Any CPU.ActiveCfg = Release|Any CPU
		{A00F1A03-F5C1-42A6-92D1-6DE0B06814BA}.Release|Any CPU.Build.0 = Release|Any CPU
		{A00F1A03-F5C1-42A6-92D1-6DE0B06814BA}.Release|x64.ActiveCfg = Release|x64
		{A00F1A03-F5C1-42A6-92D1-6DE0B06814BA}.Release|x64.Build.0 = Release|x64
		{A00F1A03-F5C1-42A6-92D1-6DE0B06814BA}.Release|x86.ActiveCfg = Release|x86
		{A00F1A03-F5C1-42A6-92D1-6DE0B06814BA}.Release|x86.Build.0 = Release|x86
		{99D769CA-B0E2-4156-817C-9DB9B9825228}.Debug|Any CPU.ActiveCfg = Debug|Any CPU
		{99D769CA-B0E2-4156-817C-9DB9B9825228}.Debug|Any CPU.Build.0 = Debug|Any CPU
		{99D769CA-B0E2-4156-817C-9DB9B9825228}.Debug|x64.ActiveCfg = Debug|x64
		{99D769CA-B0E2-4156-817C-9DB9B9825228}.Debug|x64.Build.0 = Debug|x64
		{99D769CA-B0E2-4156-817C-9DB9B9825228}.Debug|x86.ActiveCfg = Debug|x86
		{99D769CA-B0E2-4156-817C-9DB9B9825228}.Debug|x86.Build.0 = Debug|x86
		{99D769CA-B0E2-4156-817C-9DB9B9825228}.Release|Any CPU.ActiveCfg = Release|Any CPU
		{99D769CA-B0E2-4156-817C-9DB9B9825228}.Release|Any CPU.Build.0 = Release|Any CPU
		{99D769CA-B0E2-4156-817C-9DB9B9825228}.Release|x64.ActiveCfg = Release|x64
		{99D769CA-B0E2-4156-817C-9DB9B9825228}.Release|x64.Build.0 = Release|x64
		{99D769CA-B0E2-4156-817C-9DB9B9825228}.Release|x86.ActiveCfg = Release|x86
		{99D769CA-B0E2-4156-817C-9DB9B9825228}.Release|x86.Build.0 = Release|x86
		{D0B10027-CB71-4D13-862B-81779CBA570E}.Debug|Any CPU.ActiveCfg = Debug|Any CPU
		{D0B10027-CB71-4D13-862B-81779CBA570E}.Debug|Any CPU.Build.0 = Debug|Any CPU
		{D0B10027-CB71-4D13-862B-81779CBA570E}.Debug|x64.ActiveCfg = Debug|x64
		{D0B10027-CB71-4D13-862B-81779CBA570E}.Debug|x64.Build.0 = Debug|x64
		{D0B10027-CB71-4D13-862B-81779CBA570E}.Debug|x86.ActiveCfg = Debug|x86
		{D0B10027-CB71-4D13-862B-81779CBA570E}.Debug|x86.Build.0 = Debug|x86
		{D0B10027-CB71-4D13-862B-81779CBA570E}.Release|Any CPU.ActiveCfg = Release|Any CPU
		{D0B10027-CB71-4D13-862B-81779CBA570E}.Release|Any CPU.Build.0 = Release|Any CPU
		{D0B10027-CB71-4D13-862B-81779CBA570E}.Release|x64.ActiveCfg = Release|x64
		{D0B10027-CB71-4D13-862B-81779CBA570E}.Release|x64.Build.0 = Release|x64
		{D0B10027-CB71-4D13-862B-81779CBA570E}.Release|x86.ActiveCfg = Release|x86
		{D0B10027-CB71-4D13-862B-81779CBA570E}.Release|x86.Build.0 = Release|x86
		{6CF84BFC-5489-4EEF-95A8-AFCF54AC3BAD}.Debug|Any CPU.ActiveCfg = Debug|Any CPU
		{6CF84BFC-5489-4EEF-95A8-AFCF54AC3BAD}.Debug|Any CPU.Build.0 = Debug|Any CPU
		{6CF84BFC-5489-4EEF-95A8-AFCF54AC3BAD}.Debug|x64.ActiveCfg = Debug|x64
		{6CF84BFC-5489-4EEF-95A8-AFCF54AC3BAD}.Debug|x64.Build.0 = Debug|x64
		{6CF84BFC-5489-4EEF-95A8-AFCF54AC3BAD}.Debug|x86.ActiveCfg = Debug|x86
		{6CF84BFC-5489-4EEF-95A8-AFCF54AC3BAD}.Debug|x86.Build.0 = Debug|x86
		{6CF84BFC-5489-4EEF-95A8-AFCF54AC3BAD}.Release|Any CPU.ActiveCfg = Release|Any CPU
		{6CF84BFC-5489-4EEF-95A8-AFCF54AC3BAD}.Release|Any CPU.Build.0 = Release|Any CPU
		{6CF84BFC-5489-4EEF-95A8-AFCF54AC3BAD}.Release|x64.ActiveCfg = Release|x64
		{6CF84BFC-5489-4EEF-95A8-AFCF54AC3BAD}.Release|x64.Build.0 = Release|x64
		{6CF84BFC-5489-4EEF-95A8-AFCF54AC3BAD}.Release|x86.ActiveCfg = Release|x86
		{6CF84BFC-5489-4EEF-95A8-AFCF54AC3BAD}.Release|x86.Build.0 = Release|x86
	EndGlobalSection
EndGlobal
